
Microsoft Visual Studio Solution File, Format Version 12.00
# Visual Studio Version 17
VisualStudioVersion = 17.6.33829.357
MinimumVisualStudioVersion = 10.0.40219.1
Project("{9A19103F-16F7-4668-BE54-9A1E7A4F7556}") = "banking-dotnet-api", "banking-dotnet-api.csproj", "{6287DD4C-04FC-4FBF-9061-3AFD821A488D}"
EndProject
Project("{9A19103F-16F7-4668-BE54-9A1E7A4F7556}") = "banking-dotnet-api.domain", "banking-dotnet-api.domain\banking-dotnet-api.domain.csproj", "{02450207-9A7E-47B2-A4F4-6D500BB9813B}"
EndProject
Project("{9A19103F-16F7-4668-BE54-9A1E7A4F7556}") = "banking-dotnet-api.application", "banking-dotnet-api.application\banking-dotnet-api.application.csproj", "{39CEA472-EBE4-4839-B5F6-2E132CB705AA}"
EndProject
Project("{FAE04EC0-301F-11D3-BF4B-00C04F79EFBC}") = "banking-dotnet-api.infrastructure", "..\banking-dotnet-api.infrastructure\banking-dotnet-api.infrastructure.csproj", "{F94248F0-E6F3-4BFD-8D90-45F90648B068}"
EndProject
Global
	GlobalSection(SolutionConfigurationPlatforms) = preSolution
		Debug|Any CPU = Debug|Any CPU
		Release|Any CPU = Release|Any CPU
	EndGlobalSection
	GlobalSection(ProjectConfigurationPlatforms) = postSolution
		{6287DD4C-04FC-4FBF-9061-3AFD821A488D}.Debug|Any CPU.ActiveCfg = Debug|Any CPU
		{6287DD4C-04FC-4FBF-9061-3AFD821A488D}.Debug|Any CPU.Build.0 = Debug|Any CPU
		{6287DD4C-04FC-4FBF-9061-3AFD821A488D}.Release|Any CPU.ActiveCfg = Release|Any CPU
		{6287DD4C-04FC-4FBF-9061-3AFD821A488D}.Release|Any CPU.Build.0 = Release|Any CPU
		{02450207-9A7E-47B2-A4F4-6D500BB9813B}.Debug|Any CPU.ActiveCfg = Debug|Any CPU
		{02450207-9A7E-47B2-A4F4-6D500BB9813B}.Debug|Any CPU.Build.0 = Debug|Any CPU
		{02450207-9A7E-47B2-A4F4-6D500BB9813B}.Release|Any CPU.ActiveCfg = Release|Any CPU
		{02450207-9A7E-47B2-A4F4-6D500BB9813B}.Release|Any CPU.Build.0 = Release|Any CPU
		{39CEA472-EBE4-4839-B5F6-2E132CB705AA}.Debug|Any CPU.ActiveCfg = Debug|Any CPU
		{39CEA472-EBE4-4839-B5F6-2E132CB705AA}.Debug|Any CPU.Build.0 = Debug|Any CPU
		{39CEA472-EBE4-4839-B5F6-2E132CB705AA}.Release|Any CPU.ActiveCfg = Release|Any CPU
		{39CEA472-EBE4-4839-B5F6-2E132CB705AA}.Release|Any CPU.Build.0 = Release|Any CPU
		{F94248F0-E6F3-4BFD-8D90-45F90648B068}.Debug|Any CPU.ActiveCfg = Debug|Any CPU
		{F94248F0-E6F3-4BFD-8D90-45F90648B068}.Debug|Any CPU.Build.0 = Debug|Any CPU
		{F94248F0-E6F3-4BFD-8D90-45F90648B068}.Release|Any CPU.ActiveCfg = Release|Any CPU
		{F94248F0-E6F3-4BFD-8D90-45F90648B068}.Release|Any CPU.Build.0 = Release|Any CPU
	EndGlobalSection
	GlobalSection(SolutionProperties) = preSolution
		HideSolutionNode = FALSE
	EndGlobalSection
	GlobalSection(ExtensibilityGlobals) = postSolution
		SolutionGuid = {2A0214EB-1CEC-4042-B458-67990F199B54}
	EndGlobalSection
EndGlobal
