
Microsoft Visual Studio Solution File, Format Version 12.00
# Visual Studio Version 17
VisualStudioVersion = 17.7.34024.191
MinimumVisualStudioVersion = 10.0.40219.1
Project("{9A19103F-16F7-4668-BE54-9A1E7A4F7556}") = "Domain", "Domain\Domain.csproj", "{7697FE7E-087E-4B4A-B658-CF707D7A7D51}"
EndProject
Project("{9A19103F-16F7-4668-BE54-9A1E7A4F7556}") = "Infrastructure", "Infrastructure\Infrastructure.csproj", "{7890140B-ED2C-4DC7-BC72-F48C9AE06761}"
EndProject
Project("{9A19103F-16F7-4668-BE54-9A1E7A4F7556}") = "Application", "Application\Application.csproj", "{C12FB1B2-A08A-4A44-A5D9-2E22D87B2861}"
EndProject
Project("{9A19103F-16F7-4668-BE54-9A1E7A4F7556}") = "Service", "Service\Service.csproj", "{2B10B4F8-B4D4-4DA3-B8F9-A074C06F2786}"
	ProjectSection(ProjectDependencies) = postProject
		{7697FE7E-087E-4B4A-B658-CF707D7A7D51} = {7697FE7E-087E-4B4A-B658-CF707D7A7D51}
		{7890140B-ED2C-4DC7-BC72-F48C9AE06761} = {7890140B-ED2C-4DC7-BC72-F48C9AE06761}
		{C12FB1B2-A08A-4A44-A5D9-2E22D87B2861} = {C12FB1B2-A08A-4A44-A5D9-2E22D87B2861}
	EndProjectSection
EndProject
Project("{2150E333-8FDC-42A3-9474-1A3956D46DE8}") = "Solution Items", "Solution Items", "{5657A01D-7AC1-4663-8859-992986B0FE42}"
	ProjectSection(SolutionItems) = preProject
		.gitignore = .gitignore
	EndProjectSection
EndProject
Global
	GlobalSection(SolutionConfigurationPlatforms) = preSolution
		Debug|Any CPU = Debug|Any CPU
		Release|Any CPU = Release|Any CPU
	EndGlobalSection
	GlobalSection(ProjectConfigurationPlatforms) = postSolution
		{7697FE7E-087E-4B4A-B658-CF707D7A7D51}.Debug|Any CPU.ActiveCfg = Debug|Any CPU
		{7697FE7E-087E-4B4A-B658-CF707D7A7D51}.Debug|Any CPU.Build.0 = Debug|Any CPU
		{7697FE7E-087E-4B4A-B658-CF707D7A7D51}.Release|Any CPU.ActiveCfg = Release|Any CPU
		{7697FE7E-087E-4B4A-B658-CF707D7A7D51}.Release|Any CPU.Build.0 = Release|Any CPU
		{7890140B-ED2C-4DC7-BC72-F48C9AE06761}.Debug|Any CPU.ActiveCfg = Debug|Any CPU
		{7890140B-ED2C-4DC7-BC72-F48C9AE06761}.Debug|Any CPU.Build.0 = Debug|Any CPU
		{7890140B-ED2C-4DC7-BC72-F48C9AE06761}.Release|Any CPU.ActiveCfg = Release|Any CPU
		{7890140B-ED2C-4DC7-BC72-F48C9AE06761}.Release|Any CPU.Build.0 = Release|Any CPU
		{C12FB1B2-A08A-4A44-A5D9-2E22D87B2861}.Debug|Any CPU.ActiveCfg = Debug|Any CPU
		{C12FB1B2-A08A-4A44-A5D9-2E22D87B2861}.Debug|Any CPU.Build.0 = Debug|Any CPU
		{C12FB1B2-A08A-4A44-A5D9-2E22D87B2861}.Release|Any CPU.ActiveCfg = Release|Any CPU
		{C12FB1B2-A08A-4A44-A5D9-2E22D87B2861}.Release|Any CPU.Build.0 = Release|Any CPU
		{2B10B4F8-B4D4-4DA3-B8F9-A074C06F2786}.Debug|Any CPU.ActiveCfg = Debug|Any CPU
		{2B10B4F8-B4D4-4DA3-B8F9-A074C06F2786}.Debug|Any CPU.Build.0 = Debug|Any CPU
		{2B10B4F8-B4D4-4DA3-B8F9-A074C06F2786}.Release|Any CPU.ActiveCfg = Release|Any CPU
		{2B10B4F8-B4D4-4DA3-B8F9-A074C06F2786}.Release|Any CPU.Build.0 = Release|Any CPU
	EndGlobalSection
	GlobalSection(SolutionProperties) = preSolution
		HideSolutionNode = FALSE
	EndGlobalSection
	GlobalSection(ExtensibilityGlobals) = postSolution
		SolutionGuid = {2985F87A-395E-4944-8A81-92F14BDF5F26}
	EndGlobalSection
EndGlobal
